// !$*UTF8*$!
{
	archiveVersion = 1;
	classes = {
	};
	objectVersion = 56;
	objects = {

/* Begin PBXBuildFile section */
		BB3627762B1754F000F6E60B /* DetailsView.swift in Sources */ = {isa = PBXBuildFile; fileRef = BB3627752B1754F000F6E60B /* DetailsView.swift */; };
		BB64C0AD2B194F9700C16E70 /* SearchBar.swift in Sources */ = {isa = PBXBuildFile; fileRef = BB64C0AC2B194F9700C16E70 /* SearchBar.swift */; };
		BB6A42732B6272A300CC1566 /* RecipeViewModel.swift in Sources */ = {isa = PBXBuildFile; fileRef = BB6A42722B6272A300CC1566 /* RecipeViewModel.swift */; };
		BB6A42772B62778700CC1566 /* Alert.swift in Sources */ = {isa = PBXBuildFile; fileRef = BB6A42762B62778700CC1566 /* Alert.swift */; };
		BB6A42792B62879600CC1566 /* RecipeCell.swift in Sources */ = {isa = PBXBuildFile; fileRef = BB6A42782B62879600CC1566 /* RecipeCell.swift */; };
		BB6A427D2B628F6B00CC1566 /* SpinnerView.swift in Sources */ = {isa = PBXBuildFile; fileRef = BB6A427C2B628F6B00CC1566 /* SpinnerView.swift */; };
		BB6A427F2B62942F00CC1566 /* RecipeTabView.swift in Sources */ = {isa = PBXBuildFile; fileRef = BB6A427E2B62942F00CC1566 /* RecipeTabView.swift */; };
		BB6A42822B6297EB00CC1566 /* FavRecipeView.swift in Sources */ = {isa = PBXBuildFile; fileRef = BB6A42812B6297EB00CC1566 /* FavRecipeView.swift */; };
		BB6A42842B629EBD00CC1566 /* RecipeFavViewModel.swift in Sources */ = {isa = PBXBuildFile; fileRef = BB6A42832B629EBD00CC1566 /* RecipeFavViewModel.swift */; };
		BB6A428F2B63CAD300CC1566 /* EmptyState.swift in Sources */ = {isa = PBXBuildFile; fileRef = BB6A428E2B63CAD300CC1566 /* EmptyState.swift */; };
		BB6A42932B63D53900CC1566 /* AddButtonStyle.swift in Sources */ = {isa = PBXBuildFile; fileRef = BB6A42922B63D53900CC1566 /* AddButtonStyle.swift */; };
		BB6A42952B6449CE00CC1566 /* NetworkMonitor.swift in Sources */ = {isa = PBXBuildFile; fileRef = BB6A42942B6449CE00CC1566 /* NetworkMonitor.swift */; };
		BB6A42972B644CE900CC1566 /* NoConnection.swift in Sources */ = {isa = PBXBuildFile; fileRef = BB6A42962B644CE900CC1566 /* NoConnection.swift */; };
		BB6C5B5F2B16A418004FBDA7 /* MyRecipeApp.swift in Sources */ = {isa = PBXBuildFile; fileRef = BB6C5B5E2B16A418004FBDA7 /* MyRecipeApp.swift */; };
		BB6C5B612B16A418004FBDA7 /* RecipeView.swift in Sources */ = {isa = PBXBuildFile; fileRef = BB6C5B602B16A418004FBDA7 /* RecipeView.swift */; };
		BB6C5B632B16A41A004FBDA7 /* Assets.xcassets in Resources */ = {isa = PBXBuildFile; fileRef = BB6C5B622B16A41A004FBDA7 /* Assets.xcassets */; };
		BB6C5B662B16A41A004FBDA7 /* Preview Assets.xcassets in Resources */ = {isa = PBXBuildFile; fileRef = BB6C5B652B16A41A004FBDA7 /* Preview Assets.xcassets */; };
		BB6C5B6E2B16A447004FBDA7 /* RecipeModel.swift in Sources */ = {isa = PBXBuildFile; fileRef = BB6C5B6D2B16A447004FBDA7 /* RecipeModel.swift */; };
		BB6C5B702B16A76B004FBDA7 /* NetworkManager.swift in Sources */ = {isa = PBXBuildFile; fileRef = BB6C5B6F2B16A76B004FBDA7 /* NetworkManager.swift */; };
		BB8E511C2B18F7C7004192FF /* WebView.swift in Sources */ = {isa = PBXBuildFile; fileRef = BB8E511B2B18F7C7004192FF /* WebView.swift */; };
		BB8E511E2B18FBBA004192FF /* RecipeWebView.swift in Sources */ = {isa = PBXBuildFile; fileRef = BB8E511D2B18FBBA004192FF /* RecipeWebView.swift */; };
/* End PBXBuildFile section */

/* Begin PBXFileReference section */
		BB3627752B1754F000F6E60B /* DetailsView.swift */ = {isa = PBXFileReference; lastKnownFileType = sourcecode.swift; path = DetailsView.swift; sourceTree = "<group>"; };
		BB64C0AC2B194F9700C16E70 /* SearchBar.swift */ = {isa = PBXFileReference; lastKnownFileType = sourcecode.swift; path = SearchBar.swift; sourceTree = "<group>"; };
		BB6A42722B6272A300CC1566 /* RecipeViewModel.swift */ = {isa = PBXFileReference; lastKnownFileType = sourcecode.swift; path = RecipeViewModel.swift; sourceTree = "<group>"; };
		BB6A42762B62778700CC1566 /* Alert.swift */ = {isa = PBXFileReference; lastKnownFileType = sourcecode.swift; path = Alert.swift; sourceTree = "<group>"; };
		BB6A42782B62879600CC1566 /* RecipeCell.swift */ = {isa = PBXFileReference; lastKnownFileType = sourcecode.swift; path = RecipeCell.swift; sourceTree = "<group>"; };
		BB6A427C2B628F6B00CC1566 /* SpinnerView.swift */ = {isa = PBXFileReference; lastKnownFileType = sourcecode.swift; path = SpinnerView.swift; sourceTree = "<group>"; };
		BB6A427E2B62942F00CC1566 /* RecipeTabView.swift */ = {isa = PBXFileReference; lastKnownFileType = sourcecode.swift; path = RecipeTabView.swift; sourceTree = "<group>"; };
		BB6A42812B6297EB00CC1566 /* FavRecipeView.swift */ = {isa = PBXFileReference; lastKnownFileType = sourcecode.swift; path = FavRecipeView.swift; sourceTree = "<group>"; };
		BB6A42832B629EBD00CC1566 /* RecipeFavViewModel.swift */ = {isa = PBXFileReference; lastKnownFileType = sourcecode.swift; path = RecipeFavViewModel.swift; sourceTree = "<group>"; };
		BB6A428E2B63CAD300CC1566 /* EmptyState.swift */ = {isa = PBXFileReference; lastKnownFileType = sourcecode.swift; path = EmptyState.swift; sourceTree = "<group>"; };
		BB6A42922B63D53900CC1566 /* AddButtonStyle.swift */ = {isa = PBXFileReference; lastKnownFileType = sourcecode.swift; path = AddButtonStyle.swift; sourceTree = "<group>"; };
		BB6A42942B6449CE00CC1566 /* NetworkMonitor.swift */ = {isa = PBXFileReference; lastKnownFileType = sourcecode.swift; path = NetworkMonitor.swift; sourceTree = "<group>"; };
		BB6A42962B644CE900CC1566 /* NoConnection.swift */ = {isa = PBXFileReference; lastKnownFileType = sourcecode.swift; path = NoConnection.swift; sourceTree = "<group>"; };
		BB6C5B5B2B16A418004FBDA7 /* MyRecipe.app */ = {isa = PBXFileReference; explicitFileType = wrapper.application; includeInIndex = 0; path = MyRecipe.app; sourceTree = BUILT_PRODUCTS_DIR; };
		BB6C5B5E2B16A418004FBDA7 /* MyRecipeApp.swift */ = {isa = PBXFileReference; lastKnownFileType = sourcecode.swift; path = MyRecipeApp.swift; sourceTree = "<group>"; };
		BB6C5B602B16A418004FBDA7 /* RecipeView.swift */ = {isa = PBXFileReference; lastKnownFileType = sourcecode.swift; path = RecipeView.swift; sourceTree = "<group>"; };
		BB6C5B622B16A41A004FBDA7 /* Assets.xcassets */ = {isa = PBXFileReference; lastKnownFileType = folder.assetcatalog; path = Assets.xcassets; sourceTree = "<group>"; };
		BB6C5B652B16A41A004FBDA7 /* Preview Assets.xcassets */ = {isa = PBXFileReference; lastKnownFileType = folder.assetcatalog; path = "Preview Assets.xcassets"; sourceTree = "<group>"; };
		BB6C5B6D2B16A447004FBDA7 /* RecipeModel.swift */ = {isa = PBXFileReference; lastKnownFileType = sourcecode.swift; path = RecipeModel.swift; sourceTree = "<group>"; };
		BB6C5B6F2B16A76B004FBDA7 /* NetworkManager.swift */ = {isa = PBXFileReference; lastKnownFileType = sourcecode.swift; path = NetworkManager.swift; sourceTree = "<group>"; };
		BB8E511B2B18F7C7004192FF /* WebView.swift */ = {isa = PBXFileReference; lastKnownFileType = sourcecode.swift; path = WebView.swift; sourceTree = "<group>"; };
		BB8E511D2B18FBBA004192FF /* RecipeWebView.swift */ = {isa = PBXFileReference; lastKnownFileType = sourcecode.swift; path = RecipeWebView.swift; sourceTree = "<group>"; };
/* End PBXFileReference section */

/* Begin PBXFrameworksBuildPhase section */
		BB6C5B582B16A418004FBDA7 /* Frameworks */ = {
			isa = PBXFrameworksBuildPhase;
			buildActionMask = 2147483647;
			files = (
			);
			runOnlyForDeploymentPostprocessing = 0;
		};
/* End PBXFrameworksBuildPhase section */

/* Begin PBXGroup section */
		BB6A42712B62727F00CC1566 /* RecipeViewModel */ = {
			isa = PBXGroup;
			children = (
				BB6A42722B6272A300CC1566 /* RecipeViewModel.swift */,
				BB6A42832B629EBD00CC1566 /* RecipeFavViewModel.swift */,
			);
			path = RecipeViewModel;
			sourceTree = "<group>";
		};
		BB6A42742B62736700CC1566 /* Network */ = {
			isa = PBXGroup;
			children = (
				BB6A42942B6449CE00CC1566 /* NetworkMonitor.swift */,
				BB6C5B6F2B16A76B004FBDA7 /* NetworkManager.swift */,
			);
			path = Network;
			sourceTree = "<group>";
		};
		BB6A42752B62776D00CC1566 /* Utilities */ = {
			isa = PBXGroup;
			children = (
				BB6A42762B62778700CC1566 /* Alert.swift */,
			);
			path = Utilities;
			sourceTree = "<group>";
		};
		BB6A427A2B628F4500CC1566 /* Other */ = {
			isa = PBXGroup;
			children = (
				BB8E511D2B18FBBA004192FF /* RecipeWebView.swift */,
				BB8E511B2B18F7C7004192FF /* WebView.swift */,
				BB64C0AC2B194F9700C16E70 /* SearchBar.swift */,
				BB6A427C2B628F6B00CC1566 /* SpinnerView.swift */,
				BB6A428E2B63CAD300CC1566 /* EmptyState.swift */,
				BB6A42922B63D53900CC1566 /* AddButtonStyle.swift */,
				BB6A42962B644CE900CC1566 /* NoConnection.swift */,
			);
			path = Other;
			sourceTree = "<group>";
		};
		BB6A427B2B628F5600CC1566 /* Recipe */ = {
			isa = PBXGroup;
			children = (
				BB6C5B602B16A418004FBDA7 /* RecipeView.swift */,
				BB6A42782B62879600CC1566 /* RecipeCell.swift */,
				BB3627752B1754F000F6E60B /* DetailsView.swift */,
			);
			path = Recipe;
			sourceTree = "<group>";
		};
		BB6A42802B6297D200CC1566 /* FavRecipe */ = {
			isa = PBXGroup;
			children = (
				BB6A42812B6297EB00CC1566 /* FavRecipeView.swift */,
			);
			path = FavRecipe;
			sourceTree = "<group>";
		};
		BB6C5B522B16A418004FBDA7 = {
			isa = PBXGroup;
			children = (
				BB6C5B5D2B16A418004FBDA7 /* MyRecipe */,
				BB6C5B5C2B16A418004FBDA7 /* Products */,
			);
			sourceTree = "<group>";
		};
		BB6C5B5C2B16A418004FBDA7 /* Products */ = {
			isa = PBXGroup;
			children = (
				BB6C5B5B2B16A418004FBDA7 /* MyRecipe.app */,
			);
			name = Products;
			sourceTree = "<group>";
		};
		BB6C5B5D2B16A418004FBDA7 /* MyRecipe */ = {
			isa = PBXGroup;
			children = (
				BB6C5B5E2B16A418004FBDA7 /* MyRecipeApp.swift */,
				BB6C5B6C2B16A436004FBDA7 /* Model */,
				BB6A42742B62736700CC1566 /* Network */,
				BB6A42712B62727F00CC1566 /* RecipeViewModel */,
				BB6C5B712B16A791004FBDA7 /* Views */,
				BB6A42752B62776D00CC1566 /* Utilities */,
				BB6C5B622B16A41A004FBDA7 /* Assets.xcassets */,
				BB6C5B642B16A41A004FBDA7 /* Preview Content */,
			);
			path = MyRecipe;
			sourceTree = "<group>";
		};
		BB6C5B642B16A41A004FBDA7 /* Preview Content */ = {
			isa = PBXGroup;
			children = (
				BB6C5B652B16A41A004FBDA7 /* Preview Assets.xcassets */,
			);
			path = "Preview Content";
			sourceTree = "<group>";
		};
		BB6C5B6C2B16A436004FBDA7 /* Model */ = {
			isa = PBXGroup;
			children = (
				BB6C5B6D2B16A447004FBDA7 /* RecipeModel.swift */,
			);
			path = Model;
			sourceTree = "<group>";
		};
		BB6C5B712B16A791004FBDA7 /* Views */ = {
			isa = PBXGroup;
			children = (
				BB6A427E2B62942F00CC1566 /* RecipeTabView.swift */,
				BB6A427B2B628F5600CC1566 /* Recipe */,
				BB6A42802B6297D200CC1566 /* FavRecipe */,
				BB6A427A2B628F4500CC1566 /* Other */,
			);
			path = Views;
			sourceTree = "<group>";
		};
/* End PBXGroup section */

/* Begin PBXNativeTarget section */
		BB6C5B5A2B16A418004FBDA7 /* MyRecipe */ = {
			isa = PBXNativeTarget;
			buildConfigurationList = BB6C5B692B16A41A004FBDA7 /* Build configuration list for PBXNativeTarget "MyRecipe" */;
			buildPhases = (
				BB6C5B572B16A418004FBDA7 /* Sources */,
				BB6C5B582B16A418004FBDA7 /* Frameworks */,
				BB6C5B592B16A418004FBDA7 /* Resources */,
			);
			buildRules = (
			);
			dependencies = (
			);
			name = MyRecipe;
			packageProductDependencies = (
			);
			productName = MyRecipe;
			productReference = BB6C5B5B2B16A418004FBDA7 /* MyRecipe.app */;
			productType = "com.apple.product-type.application";
		};
/* End PBXNativeTarget section */

/* Begin PBXProject section */
		BB6C5B532B16A418004FBDA7 /* Project object */ = {
			isa = PBXProject;
			attributes = {
				BuildIndependentTargetsInParallel = 1;
				LastSwiftUpdateCheck = 1500;
				LastUpgradeCheck = 1500;
				TargetAttributes = {
					BB6C5B5A2B16A418004FBDA7 = {
						CreatedOnToolsVersion = 15.0.1;
					};
				};
			};
			buildConfigurationList = BB6C5B562B16A418004FBDA7 /* Build configuration list for PBXProject "MyRecipe" */;
			compatibilityVersion = "Xcode 14.0";
			developmentRegion = en;
			hasScannedForEncodings = 0;
			knownRegions = (
				en,
				Base,
			);
			mainGroup = BB6C5B522B16A418004FBDA7;
			packageReferences = (
			);
			productRefGroup = BB6C5B5C2B16A418004FBDA7 /* Products */;
			projectDirPath = "";
			projectRoot = "";
			targets = (
				BB6C5B5A2B16A418004FBDA7 /* MyRecipe */,
			);
		};
/* End PBXProject section */

/* Begin PBXResourcesBuildPhase section */
		BB6C5B592B16A418004FBDA7 /* Resources */ = {
			isa = PBXResourcesBuildPhase;
			buildActionMask = 2147483647;
			files = (
				BB6C5B662B16A41A004FBDA7 /* Preview Assets.xcassets in Resources */,
				BB6C5B632B16A41A004FBDA7 /* Assets.xcassets in Resources */,
			);
			runOnlyForDeploymentPostprocessing = 0;
		};
/* End PBXResourcesBuildPhase section */

/* Begin PBXSourcesBuildPhase section */
		BB6C5B572B16A418004FBDA7 /* Sources */ = {
			isa = PBXSourcesBuildPhase;
			buildActionMask = 2147483647;
			files = (
				BB6C5B702B16A76B004FBDA7 /* NetworkManager.swift in Sources */,
				BB6A42732B6272A300CC1566 /* RecipeViewModel.swift in Sources */,
				BB3627762B1754F000F6E60B /* DetailsView.swift in Sources */,
				BB6A42842B629EBD00CC1566 /* RecipeFavViewModel.swift in Sources */,
				BB6C5B612B16A418004FBDA7 /* RecipeView.swift in Sources */,
				BB8E511C2B18F7C7004192FF /* WebView.swift in Sources */,
				BB6C5B5F2B16A418004FBDA7 /* MyRecipeApp.swift in Sources */,
				BB6A42792B62879600CC1566 /* RecipeCell.swift in Sources */,
				BB64C0AD2B194F9700C16E70 /* SearchBar.swift in Sources */,
				BB8E511E2B18FBBA004192FF /* RecipeWebView.swift in Sources */,
				BB6A427F2B62942F00CC1566 /* RecipeTabView.swift in Sources */,
				BB6A428F2B63CAD300CC1566 /* EmptyState.swift in Sources */,
				BB6A42822B6297EB00CC1566 /* FavRecipeView.swift in Sources */,
				BB6A42772B62778700CC1566 /* Alert.swift in Sources */,
				BB6A42952B6449CE00CC1566 /* NetworkMonitor.swift in Sources */,
				BB6A42932B63D53900CC1566 /* AddButtonStyle.swift in Sources */,
				BB6A427D2B628F6B00CC1566 /* SpinnerView.swift in Sources */,
				BB6C5B6E2B16A447004FBDA7 /* RecipeModel.swift in Sources */,
				BB6A42972B644CE900CC1566 /* NoConnection.swift in Sources */,
			);
			runOnlyForDeploymentPostprocessing = 0;
		};
/* End PBXSourcesBuildPhase section */

/* Begin XCBuildConfiguration section */
		BB6C5B672B16A41A004FBDA7 /* Debug */ = {
			isa = XCBuildConfiguration;
			buildSettings = {
				ALWAYS_SEARCH_USER_PATHS = NO;
				ASSETCATALOG_COMPILER_GENERATE_SWIFT_ASSET_SYMBOL_EXTENSIONS = YES;
				CLANG_ANALYZER_NONNULL = YES;
				CLANG_ANALYZER_NUMBER_OBJECT_CONVERSION = YES_AGGRESSIVE;
				CLANG_CXX_LANGUAGE_STANDARD = "gnu++20";
				CLANG_ENABLE_MODULES = YES;
				CLANG_ENABLE_OBJC_ARC = YES;
				CLANG_ENABLE_OBJC_WEAK = YES;
				CLANG_WARN_BLOCK_CAPTURE_AUTORELEASING = YES;
				CLANG_WARN_BOOL_CONVERSION = YES;
				CLANG_WARN_COMMA = YES;
				CLANG_WARN_CONSTANT_CONVERSION = YES;
				CLANG_WARN_DEPRECATED_OBJC_IMPLEMENTATIONS = YES;
				CLANG_WARN_DIRECT_OBJC_ISA_USAGE = YES_ERROR;
				CLANG_WARN_DOCUMENTATION_COMMENTS = YES;
				CLANG_WARN_EMPTY_BODY = YES;
				CLANG_WARN_ENUM_CONVERSION = YES;
				CLANG_WARN_INFINITE_RECURSION = YES;
				CLANG_WARN_INT_CONVERSION = YES;
				CLANG_WARN_NON_LITERAL_NULL_CONVERSION = YES;
				CLANG_WARN_OBJC_IMPLICIT_RETAIN_SELF = YES;
				CLANG_WARN_OBJC_LITERAL_CONVERSION = YES;
				CLANG_WARN_OBJC_ROOT_CLASS = YES_ERROR;
				CLANG_WARN_QUOTED_INCLUDE_IN_FRAMEWORK_HEADER = YES;
				CLANG_WARN_RANGE_LOOP_ANALYSIS = YES;
				CLANG_WARN_STRICT_PROTOTYPES = YES;
				CLANG_WARN_SUSPICIOUS_MOVE = YES;
				CLANG_WARN_UNGUARDED_AVAILABILITY = YES_AGGRESSIVE;
				CLANG_WARN_UNREACHABLE_CODE = YES;
				CLANG_WARN__DUPLICATE_METHOD_MATCH = YES;
				COPY_PHASE_STRIP = NO;
				DEBUG_INFORMATION_FORMAT = dwarf;
				ENABLE_STRICT_OBJC_MSGSEND = YES;
				ENABLE_TESTABILITY = YES;
				ENABLE_USER_SCRIPT_SANDBOXING = YES;
				GCC_C_LANGUAGE_STANDARD = gnu17;
				GCC_DYNAMIC_NO_PIC = NO;
				GCC_NO_COMMON_BLOCKS = YES;
				GCC_OPTIMIZATION_LEVEL = 0;
				GCC_PREPROCESSOR_DEFINITIONS = (
					"DEBUG=1",
					"$(inherited)",
				);
				GCC_WARN_64_TO_32_BIT_CONVERSION = YES;
				GCC_WARN_ABOUT_RETURN_TYPE = YES_ERROR;
				GCC_WARN_UNDECLARED_SELECTOR = YES;
				GCC_WARN_UNINITIALIZED_AUTOS = YES_AGGRESSIVE;
				GCC_WARN_UNUSED_FUNCTION = YES;
				GCC_WARN_UNUSED_VARIABLE = YES;
				IPHONEOS_DEPLOYMENT_TARGET = 16.6;
				LOCALIZATION_PREFERS_STRING_CATALOGS = YES;
				MTL_ENABLE_DEBUG_INFO = INCLUDE_SOURCE;
				MTL_FAST_MATH = YES;
				ONLY_ACTIVE_ARCH = YES;
				SDKROOT = iphoneos;
				SWIFT_ACTIVE_COMPILATION_CONDITIONS = "DEBUG $(inherited)";
				SWIFT_OPTIMIZATION_LEVEL = "-Onone";
			};
			name = Debug;
		};
		BB6C5B682B16A41A004FBDA7 /* Release */ = {
			isa = XCBuildConfiguration;
			buildSettings = {
				ALWAYS_SEARCH_USER_PATHS = NO;
				ASSETCATALOG_COMPILER_GENERATE_SWIFT_ASSET_SYMBOL_EXTENSIONS = YES;
				CLANG_ANALYZER_NONNULL = YES;
				CLANG_ANALYZER_NUMBER_OBJECT_CONVERSION = YES_AGGRESSIVE;
				CLANG_CXX_LANGUAGE_STANDARD = "gnu++20";
				CLANG_ENABLE_MODULES = YES;
				CLANG_ENABLE_OBJC_ARC = YES;
				CLANG_ENABLE_OBJC_WEAK = YES;
				CLANG_WARN_BLOCK_CAPTURE_AUTORELEASING = YES;
				CLANG_WARN_BOOL_CONVERSION = YES;
				CLANG_WARN_COMMA = YES;
				CLANG_WARN_CONSTANT_CONVERSION = YES;
				CLANG_WARN_DEPRECATED_OBJC_IMPLEMENTATIONS = YES;
				CLANG_WARN_DIRECT_OBJC_ISA_USAGE = YES_ERROR;
				CLANG_WARN_DOCUMENTATION_COMMENTS = YES;
				CLANG_WARN_EMPTY_BODY = YES;
				CLANG_WARN_ENUM_CONVERSION = YES;
				CLANG_WARN_INFINITE_RECURSION = YES;
				CLANG_WARN_INT_CONVERSION = YES;
				CLANG_WARN_NON_LITERAL_NULL_CONVERSION = YES;
				CLANG_WARN_OBJC_IMPLICIT_RETAIN_SELF = YES;
				CLANG_WARN_OBJC_LITERAL_CONVERSION = YES;
				CLANG_WARN_OBJC_ROOT_CLASS = YES_ERROR;
				CLANG_WARN_QUOTED_INCLUDE_IN_FRAMEWORK_HEADER = YES;
				CLANG_WARN_RANGE_LOOP_ANALYSIS = YES;
				CLANG_WARN_STRICT_PROTOTYPES = YES;
				CLANG_WARN_SUSPICIOUS_MOVE = YES;
				CLANG_WARN_UNGUARDED_AVAILABILITY = YES_AGGRESSIVE;
				CLANG_WARN_UNREACHABLE_CODE = YES;
				CLANG_WARN__DUPLICATE_METHOD_MATCH = YES;
				COPY_PHASE_STRIP = NO;
				DEBUG_INFORMATION_FORMAT = "dwarf-with-dsym";
				ENABLE_NS_ASSERTIONS = NO;
				ENABLE_STRICT_OBJC_MSGSEND = YES;
				ENABLE_USER_SCRIPT_SANDBOXING = YES;
				GCC_C_LANGUAGE_STANDARD = gnu17;
				GCC_NO_COMMON_BLOCKS = YES;
				GCC_WARN_64_TO_32_BIT_CONVERSION = YES;
				GCC_WARN_ABOUT_RETURN_TYPE = YES_ERROR;
				GCC_WARN_UNDECLARED_SELECTOR = YES;
				GCC_WARN_UNINITIALIZED_AUTOS = YES_AGGRESSIVE;
				GCC_WARN_UNUSED_FUNCTION = YES;
				GCC_WARN_UNUSED_VARIABLE = YES;
				IPHONEOS_DEPLOYMENT_TARGET = 16.6;
				LOCALIZATION_PREFERS_STRING_CATALOGS = YES;
				MTL_ENABLE_DEBUG_INFO = NO;
				MTL_FAST_MATH = YES;
				SDKROOT = iphoneos;
				SWIFT_COMPILATION_MODE = wholemodule;
				VALIDATE_PRODUCT = YES;
			};
			name = Release;
		};
		BB6C5B6A2B16A41A004FBDA7 /* Debug */ = {
			isa = XCBuildConfiguration;
			buildSettings = {
				ASSETCATALOG_COMPILER_APPICON_NAME = AppIcon;
				ASSETCATALOG_COMPILER_GLOBAL_ACCENT_COLOR_NAME = AccentColor;
				CODE_SIGN_STYLE = Automatic;
				CURRENT_PROJECT_VERSION = 1;
				DEVELOPMENT_ASSET_PATHS = "\"MyRecipe/Preview Content\"";
				DEVELOPMENT_TEAM = 27JCDAS664;
				ENABLE_PREVIEWS = YES;
				GENERATE_INFOPLIST_FILE = YES;
				INFOPLIST_KEY_UIApplicationSceneManifest_Generation = YES;
				INFOPLIST_KEY_UIApplicationSupportsIndirectInputEvents = YES;
				INFOPLIST_KEY_UILaunchScreen_Generation = YES;
				INFOPLIST_KEY_UILaunchStoryboardName = "Launch Screen.storyboard";
				INFOPLIST_KEY_UISupportedInterfaceOrientations_iPad = "UIInterfaceOrientationPortrait UIInterfaceOrientationPortraitUpsideDown UIInterfaceOrientationLandscapeLeft UIInterfaceOrientationLandscapeRight";
				INFOPLIST_KEY_UISupportedInterfaceOrientations_iPhone = "UIInterfaceOrientationPortrait UIInterfaceOrientationLandscapeLeft UIInterfaceOrientationLandscapeRight";
				IPHONEOS_DEPLOYMENT_TARGET = 16.6;
				LD_RUNPATH_SEARCH_PATHS = (
					"$(inherited)",
					"@executable_path/Frameworks",
				);
				MARKETING_VERSION = 1.0;
				PRODUCT_BUNDLE_IDENTIFIER = com.AtakanBasaran.MyRecipe;
				PRODUCT_NAME = "$(TARGET_NAME)";
				SWIFT_EMIT_LOC_STRINGS = YES;
				SWIFT_VERSION = 5.0;
				TARGETED_DEVICE_FAMILY = "1,2";
			};
			name = Debug;
		};
		BB6C5B6B2B16A41A004FBDA7 /* Release */ = {
			isa = XCBuildConfiguration;
			buildSettings = {
				ASSETCATALOG_COMPILER_APPICON_NAME = AppIcon;
				ASSETCATALOG_COMPILER_GLOBAL_ACCENT_COLOR_NAME = AccentColor;
				CODE_SIGN_STYLE = Automatic;
				CURRENT_PROJECT_VERSION = 1;
				DEVELOPMENT_ASSET_PATHS = "\"MyRecipe/Preview Content\"";
				DEVELOPMENT_TEAM = 27JCDAS664;
				ENABLE_PREVIEWS = YES;
				GENERATE_INFOPLIST_FILE = YES;
				INFOPLIST_KEY_UIApplicationSceneManifest_Generation = YES;
				INFOPLIST_KEY_UIApplicationSupportsIndirectInputEvents = YES;
				INFOPLIST_KEY_UILaunchScreen_Generation = YES;
				INFOPLIST_KEY_UILaunchStoryboardName = "Launch Screen.storyboard";
				INFOPLIST_KEY_UISupportedInterfaceOrientations_iPad = "UIInterfaceOrientationPortrait UIInterfaceOrientationPortraitUpsideDown UIInterfaceOrientationLandscapeLeft UIInterfaceOrientationLandscapeRight";
				INFOPLIST_KEY_UISupportedInterfaceOrientations_iPhone = "UIInterfaceOrientationPortrait UIInterfaceOrientationLandscapeLeft UIInterfaceOrientationLandscapeRight";
				IPHONEOS_DEPLOYMENT_TARGET = 16.6;
				LD_RUNPATH_SEARCH_PATHS = (
					"$(inherited)",
					"@executable_path/Frameworks",
				);
				MARKETING_VERSION = 1.0;
				PRODUCT_BUNDLE_IDENTIFIER = com.AtakanBasaran.MyRecipe;
				PRODUCT_NAME = "$(TARGET_NAME)";
				SWIFT_EMIT_LOC_STRINGS = YES;
				SWIFT_VERSION = 5.0;
				TARGETED_DEVICE_FAMILY = "1,2";
			};
			name = Release;
		};
/* End XCBuildConfiguration section */

/* Begin XCConfigurationList section */
		BB6C5B562B16A418004FBDA7 /* Build configuration list for PBXProject "MyRecipe" */ = {
			isa = XCConfigurationList;
			buildConfigurations = (
				BB6C5B672B16A41A004FBDA7 /* Debug */,
				BB6C5B682B16A41A004FBDA7 /* Release */,
			);
			defaultConfigurationIsVisible = 0;
			defaultConfigurationName = Release;
		};
		BB6C5B692B16A41A004FBDA7 /* Build configuration list for PBXNativeTarget "MyRecipe" */ = {
			isa = XCConfigurationList;
			buildConfigurations = (
				BB6C5B6A2B16A41A004FBDA7 /* Debug */,
				BB6C5B6B2B16A41A004FBDA7 /* Release */,
			);
			defaultConfigurationIsVisible = 0;
			defaultConfigurationName = Release;
		};
/* End XCConfigurationList section */
	};
	rootObject = BB6C5B532B16A418004FBDA7 /* Project object */;
}
